
Microsoft Visual Studio Solution File, Format Version 12.00
# Visual Studio Version 17
VisualStudioVersion = 17.3.32922.545
MinimumVisualStudioVersion = 10.0.40219.1
Project("{9A19103F-16F7-4668-BE54-9A1E7A4F7556}") = "AplicacionWeb", "AplicacionWeb\AplicacionWeb.csproj", "{93A94126-CD49-48B4-AF30-0EACA92393B2}"
EndProject
Project("{FAE04EC0-301F-11D3-BF4B-00C04F79EFBC}") = "Entidades", "Entidades\Entidades.csproj", "{43E9D70A-1088-4D7C-918B-460165A56CA7}"
EndProject
Project("{FAE04EC0-301F-11D3-BF4B-00C04F79EFBC}") = "Datos", "Datos\Datos.csproj", "{0FF3A00F-A068-4AE7-A0EA-609503F61D59}"
EndProject
Global
	GlobalSection(SolutionConfigurationPlatforms) = preSolution
		Debug|Any CPU = Debug|Any CPU
		Release|Any CPU = Release|Any CPU
	EndGlobalSection
	GlobalSection(ProjectConfigurationPlatforms) = postSolution
		{93A94126-CD49-48B4-AF30-0EACA92393B2}.Debug|Any CPU.ActiveCfg = Debug|Any CPU
		{93A94126-CD49-48B4-AF30-0EACA92393B2}.Debug|Any CPU.Build.0 = Debug|Any CPU
		{93A94126-CD49-48B4-AF30-0EACA92393B2}.Release|Any CPU.ActiveCfg = Release|Any CPU
		{93A94126-CD49-48B4-AF30-0EACA92393B2}.Release|Any CPU.Build.0 = Release|Any CPU
		{43E9D70A-1088-4D7C-918B-460165A56CA7}.Debug|Any CPU.ActiveCfg = Debug|Any CPU
		{43E9D70A-1088-4D7C-918B-460165A56CA7}.Debug|Any CPU.Build.0 = Debug|Any CPU
		{43E9D70A-1088-4D7C-918B-460165A56CA7}.Release|Any CPU.ActiveCfg = Release|Any CPU
		{43E9D70A-1088-4D7C-918B-460165A56CA7}.Release|Any CPU.Build.0 = Release|Any CPU
		{0FF3A00F-A068-4AE7-A0EA-609503F61D59}.Debug|Any CPU.ActiveCfg = Debug|Any CPU
		{0FF3A00F-A068-4AE7-A0EA-609503F61D59}.Debug|Any CPU.Build.0 = Debug|Any CPU
		{0FF3A00F-A068-4AE7-A0EA-609503F61D59}.Release|Any CPU.ActiveCfg = Release|Any CPU
		{0FF3A00F-A068-4AE7-A0EA-609503F61D59}.Release|Any CPU.Build.0 = Release|Any CPU
	EndGlobalSection
	GlobalSection(SolutionProperties) = preSolution
		HideSolutionNode = FALSE
	EndGlobalSection
	GlobalSection(ExtensibilityGlobals) = postSolution
		SolutionGuid = {4F8D6470-E477-4E73-A9D0-EF2015B0C7E5}
	EndGlobalSection
EndGlobal
